
Microsoft Visual Studio Solution File, Format Version 12.00
# Visual Studio Version 17
VisualStudioVersion = 17.0.32112.339
MinimumVisualStudioVersion = 10.0.40219.1
Project("{FAE04EC0-301F-11D3-BF4B-00C04F79EFBC}") = "CustomizeSweeperRange", "CustomizeSweeperRange\CustomizeSweeperRange.csproj", "{2329AC5A-FA55-42B5-9DB4-6D5DD749193B}"
EndProject
Global
	GlobalSection(SolutionConfigurationPlatforms) = preSolution
		Debug|Any CPU = Debug|Any CPU
		Release|Any CPU = Release|Any CPU
		SpacedOutRelease|Any CPU = SpacedOutRelease|Any CPU
	EndGlobalSection
	GlobalSection(ProjectConfigurationPlatforms) = postSolution
		{2329AC5A-FA55-42B5-9DB4-6D5DD749193B}.Debug|Any CPU.ActiveCfg = Debug|Any CPU
		{2329AC5A-FA55-42B5-9DB4-6D5DD749193B}.Debug|Any CPU.Build.0 = Debug|Any CPU
		{2329AC5A-FA55-42B5-9DB4-6D5DD749193B}.Release|Any CPU.ActiveCfg = Release|Any CPU
		{2329AC5A-FA55-42B5-9DB4-6D5DD749193B}.Release|Any CPU.Build.0 = Release|Any CPU
		{2329AC5A-FA55-42B5-9DB4-6D5DD749193B}.SpacedOutRelease|Any CPU.ActiveCfg = SpacedOutRelease|Any CPU
		{2329AC5A-FA55-42B5-9DB4-6D5DD749193B}.SpacedOutRelease|Any CPU.Build.0 = SpacedOutRelease|Any CPU
	EndGlobalSection
	GlobalSection(SolutionProperties) = preSolution
		HideSolutionNode = FALSE
	EndGlobalSection
	GlobalSection(ExtensibilityGlobals) = postSolution
		SolutionGuid = {F1FFDE1A-C5EC-4900-935E-5BCA9FBD494B}
	EndGlobalSection
EndGlobal
